
Microsoft Visual Studio Solution File, Format Version 12.00
# Visual Studio Version 17
VisualStudioVersion = 17.1.31910.343
MinimumVisualStudioVersion = 10.0.40219.1
Project("{FAE04EC0-301F-11D3-BF4B-00C04F79EFBC}") = "HelpExplorer", "src\HelpExplorer.csproj", "{5D2A5BB4-B3B6-4DAF-836F-5FF6584F975C}"
EndProject
Project("{2150E333-8FDC-42A3-9474-1A3956D46DE8}") = "Solution Items", "Solution Items", "{6F50EDA1-DE02-4D93-AE6E-1A4870873414}"
	ProjectSection(SolutionItems) = preProject
		.editorconfig = .editorconfig
		appveyor.yml = appveyor.yml
		README.md = README.md
	EndProjectSection
EndProject
Global
	GlobalSection(SolutionConfigurationPlatforms) = preSolution
		Debug|Any CPU = Debug|Any CPU
		Debug|x86 = Debug|x86
		Release|Any CPU = Release|Any CPU
		Release|x86 = Release|x86
	EndGlobalSection
	GlobalSection(ProjectConfigurationPlatforms) = postSolution
		{5D2A5BB4-B3B6-4DAF-836F-5FF6584F975C}.Debug|Any CPU.ActiveCfg = Debug|Any CPU
		{5D2A5BB4-B3B6-4DAF-836F-5FF6584F975C}.Debug|Any CPU.Build.0 = Debug|Any CPU
		{5D2A5BB4-B3B6-4DAF-836F-5FF6584F975C}.Debug|x86.ActiveCfg = Debug|x86
		{5D2A5BB4-B3B6-4DAF-836F-5FF6584F975C}.Debug|x86.Build.0 = Debug|x86
		{5D2A5BB4-B3B6-4DAF-836F-5FF6584F975C}.Release|Any CPU.ActiveCfg = Release|Any CPU
		{5D2A5BB4-B3B6-4DAF-836F-5FF6584F975C}.Release|Any CPU.Build.0 = Release|Any CPU
		{5D2A5BB4-B3B6-4DAF-836F-5FF6584F975C}.Release|x86.ActiveCfg = Release|x86
		{5D2A5BB4-B3B6-4DAF-836F-5FF6584F975C}.Release|x86.Build.0 = Release|x86
	EndGlobalSection
	GlobalSection(SolutionProperties) = preSolution
		HideSolutionNode = FALSE
	EndGlobalSection
	GlobalSection(ExtensibilityGlobals) = postSolution
		SolutionGuid = {47F66776-7976-4A92-AC10-CE2D5F6DCFA1}
	EndGlobalSection
EndGlobal
